// !$*UTF8*$!
{
	archiveVersion = 1;
	classes = {
	};
	objectVersion = 77;
	objects = {

/* Begin PBXContainerItemProxy section */
		379E51452D0B8EAF007DC604 /* PBXContainerItemProxy */ = {
			isa = PBXContainerItemProxy;
			containerPortal = 379E512A2D0B8EAC007DC604 /* Project object */;
			proxyType = 1;
			remoteGlobalIDString = 379E51312D0B8EAC007DC604;
			remoteInfo = pcanvas;
		};
		379E514F2D0B8EAF007DC604 /* PBXContainerItemProxy */ = {
			isa = PBXContainerItemProxy;
			containerPortal = 379E512A2D0B8EAC007DC604 /* Project object */;
			proxyType = 1;
			remoteGlobalIDString = 379E51312D0B8EAC007DC604;
			remoteInfo = pcanvas;
		};
/* End PBXContainerItemProxy section */

/* Begin PBXFileReference section */
		379E51322D0B8EAC007DC604 /* pcanvas.app */ = {isa = PBXFileReference; explicitFileType = wrapper.application; includeInIndex = 0; path = pcanvas.app; sourceTree = BUILT_PRODUCTS_DIR; };
		379E51442D0B8EAF007DC604 /* pcanvasTests.xctest */ = {isa = PBXFileReference; explicitFileType = wrapper.cfbundle; includeInIndex = 0; path = pcanvasTests.xctest; sourceTree = BUILT_PRODUCTS_DIR; };
		379E514E2D0B8EAF007DC604 /* pcanvasUITests.xctest */ = {isa = PBXFileReference; explicitFileType = wrapper.cfbundle; includeInIndex = 0; path = pcanvasUITests.xctest; sourceTree = BUILT_PRODUCTS_DIR; };
/* End PBXFileReference section */

/* Begin PBXFileSystemSynchronizedRootGroup section */
		379E51342D0B8EAC007DC604 /* pcanvas */ = {
			isa = PBXFileSystemSynchronizedRootGroup;
			path = pcanvas;
			sourceTree = "<group>";
		};
		379E51472D0B8EAF007DC604 /* pcanvasTests */ = {
			isa = PBXFileSystemSynchronizedRootGroup;
			path = pcanvasTests;
			sourceTree = "<group>";
		};
		379E51512D0B8EAF007DC604 /* pcanvasUITests */ = {
			isa = PBXFileSystemSynchronizedRootGroup;
			path = pcanvasUITests;
			sourceTree = "<group>";
		};
/* End PBXFileSystemSynchronizedRootGroup section */

/* Begin PBXFrameworksBuildPhase section */
		379E512F2D0B8EAC007DC604 /* Frameworks */ = {
			isa = PBXFrameworksBuildPhase;
			buildActionMask = 2147483647;
			files = (
			);
			runOnlyForDeploymentPostprocessing = 0;
		};
		379E51412D0B8EAF007DC604 /* Frameworks */ = {
			isa = PBXFrameworksBuildPhase;
			buildActionMask = 2147483647;
			files = (
			);
			runOnlyForDeploymentPostprocessing = 0;
		};
		379E514B2D0B8EAF007DC604 /* Frameworks */ = {
			isa = PBXFrameworksBuildPhase;
			buildActionMask = 2147483647;
			files = (
			);
			runOnlyForDeploymentPostprocessing = 0;
		};
/* End PBXFrameworksBuildPhase section */

/* Begin PBXGroup section */
		379E51292D0B8EAC007DC604 = {
			isa = PBXGroup;
			children = (
				379E51342D0B8EAC007DC604 /* pcanvas */,
				379E51472D0B8EAF007DC604 /* pcanvasTests */,
				379E51512D0B8EAF007DC604 /* pcanvasUITests */,
				379E51332D0B8EAC007DC604 /* Products */,
			);
			sourceTree = "<group>";
		};
		379E51332D0B8EAC007DC604 /* Products */ = {
			isa = PBXGroup;
			children = (
				379E51322D0B8EAC007DC604 /* pcanvas.app */,
				379E51442D0B8EAF007DC604 /* pcanvasTests.xctest */,
				379E514E2D0B8EAF007DC604 /* pcanvasUITests.xctest */,
			);
			name = Products;
			sourceTree = "<group>";
		};
/* End PBXGroup section */

/* Begin PBXNativeTarget section */
		379E51312D0B8EAC007DC604 /* pcanvas */ = {
			isa = PBXNativeTarget;
			buildConfigurationList = 379E51582D0B8EAF007DC604 /* Build configuration list for PBXNativeTarget "pcanvas" */;
			buildPhases = (
				379E512E2D0B8EAC007DC604 /* Sources */,
				379E512F2D0B8EAC007DC604 /* Frameworks */,
				379E51302D0B8EAC007DC604 /* Resources */,
			);
			buildRules = (
			);
			dependencies = (
			);
			fileSystemSynchronizedGroups = (
				379E51342D0B8EAC007DC604 /* pcanvas */,
			);
			name = pcanvas;
			packageProductDependencies = (
			);
			productName = pcanvas;
			productReference = 379E51322D0B8EAC007DC604 /* pcanvas.app */;
			productType = "com.apple.product-type.application";
		};
		379E51432D0B8EAF007DC604 /* pcanvasTests */ = {
			isa = PBXNativeTarget;
			buildConfigurationList = 379E515B2D0B8EAF007DC604 /* Build configuration list for PBXNativeTarget "pcanvasTests" */;
			buildPhases = (
				379E51402D0B8EAF007DC604 /* Sources */,
				379E51412D0B8EAF007DC604 /* Frameworks */,
				379E51422D0B8EAF007DC604 /* Resources */,
			);
			buildRules = (
			);
			dependencies = (
				379E51462D0B8EAF007DC604 /* PBXTargetDependency */,
			);
			fileSystemSynchronizedGroups = (
				379E51472D0B8EAF007DC604 /* pcanvasTests */,
			);
			name = pcanvasTests;
			packageProductDependencies = (
			);
			productName = pcanvasTests;
			productReference = 379E51442D0B8EAF007DC604 /* pcanvasTests.xctest */;
			productType = "com.apple.product-type.bundle.unit-test";
		};
		379E514D2D0B8EAF007DC604 /* pcanvasUITests */ = {
			isa = PBXNativeTarget;
			buildConfigurationList = 379E515E2D0B8EAF007DC604 /* Build configuration list for PBXNativeTarget "pcanvasUITests" */;
			buildPhases = (
				379E514A2D0B8EAF007DC604 /* Sources */,
				379E514B2D0B8EAF007DC604 /* Frameworks */,
				379E514C2D0B8EAF007DC604 /* Resources */,
			);
			buildRules = (
			);
			dependencies = (
				379E51502D0B8EAF007DC604 /* PBXTargetDependency */,
			);
			fileSystemSynchronizedGroups = (
				379E51512D0B8EAF007DC604 /* pcanvasUITests */,
			);
			name = pcanvasUITests;
			packageProductDependencies = (
			);
			productName = pcanvasUITests;
			productReference = 379E514E2D0B8EAF007DC604 /* pcanvasUITests.xctest */;
			productType = "com.apple.product-type.bundle.ui-testing";
		};
/* End PBXNativeTarget section */

/* Begin PBXProject section */
		379E512A2D0B8EAC007DC604 /* Project object */ = {
			isa = PBXProject;
			attributes = {
				BuildIndependentTargetsInParallel = 1;
				LastSwiftUpdateCheck = 1610;
				LastUpgradeCheck = 1610;
				TargetAttributes = {
					379E51312D0B8EAC007DC604 = {
						CreatedOnToolsVersion = 16.1;
					};
					379E51432D0B8EAF007DC604 = {
						CreatedOnToolsVersion = 16.1;
						TestTargetID = 379E51312D0B8EAC007DC604;
					};
					379E514D2D0B8EAF007DC604 = {
						CreatedOnToolsVersion = 16.1;
						TestTargetID = 379E51312D0B8EAC007DC604;
					};
				};
			};
			buildConfigurationList = 379E512D2D0B8EAC007DC604 /* Build configuration list for PBXProject "pcanvas" */;
			developmentRegion = en;
			hasScannedForEncodings = 0;
			knownRegions = (
				en,
				Base,
			);
			mainGroup = 379E51292D0B8EAC007DC604;
			minimizedProjectReferenceProxies = 1;
			preferredProjectObjectVersion = 77;
			productRefGroup = 379E51332D0B8EAC007DC604 /* Products */;
			projectDirPath = "";
			projectRoot = "";
			targets = (
				379E51312D0B8EAC007DC604 /* pcanvas */,
				379E51432D0B8EAF007DC604 /* pcanvasTests */,
				379E514D2D0B8EAF007DC604 /* pcanvasUITests */,
			);
		};
/* End PBXProject section */

/* Begin PBXResourcesBuildPhase section */
		379E51302D0B8EAC007DC604 /* Resources */ = {
			isa = PBXResourcesBuildPhase;
			buildActionMask = 2147483647;
			files = (
			);
			runOnlyForDeploymentPostprocessing = 0;
		};
		379E51422D0B8EAF007DC604 /* Resources */ = {
			isa = PBXResourcesBuildPhase;
			buildActionMask = 2147483647;
			files = (
			);
			runOnlyForDeploymentPostprocessing = 0;
		};
		379E514C2D0B8EAF007DC604 /* Resources */ = {
			isa = PBXResourcesBuildPhase;
			buildActionMask = 2147483647;
			files = (
			);
			runOnlyForDeploymentPostprocessing = 0;
		};
/* End PBXResourcesBuildPhase section */

/* Begin PBXSourcesBuildPhase section */
		379E512E2D0B8EAC007DC604 /* Sources */ = {
			isa = PBXSourcesBuildPhase;
			buildActionMask = 2147483647;
			files = (
			);
			runOnlyForDeploymentPostprocessing = 0;
		};
		379E51402D0B8EAF007DC604 /* Sources */ = {
			isa = PBXSourcesBuildPhase;
			buildActionMask = 2147483647;
			files = (
			);
			runOnlyForDeploymentPostprocessing = 0;
		};
		379E514A2D0B8EAF007DC604 /* Sources */ = {
			isa = PBXSourcesBuildPhase;
			buildActionMask = 2147483647;
			files = (
			);
			runOnlyForDeploymentPostprocessing = 0;
		};
/* End PBXSourcesBuildPhase section */

/* Begin PBXTargetDependency section */
		379E51462D0B8EAF007DC604 /* PBXTargetDependency */ = {
			isa = PBXTargetDependency;
			target = 379E51312D0B8EAC007DC604 /* pcanvas */;
			targetProxy = 379E51452D0B8EAF007DC604 /* PBXContainerItemProxy */;
		};
		379E51502D0B8EAF007DC604 /* PBXTargetDependency */ = {
			isa = PBXTargetDependency;
			target = 379E51312D0B8EAC007DC604 /* pcanvas */;
			targetProxy = 379E514F2D0B8EAF007DC604 /* PBXContainerItemProxy */;
		};
/* End PBXTargetDependency section */

/* Begin XCBuildConfiguration section */
		379E51562D0B8EAF007DC604 /* Debug */ = {
			isa = XCBuildConfiguration;
			buildSettings = {
				ALWAYS_SEARCH_USER_PATHS = NO;
				ASSETCATALOG_COMPILER_GENERATE_SWIFT_ASSET_SYMBOL_EXTENSIONS = YES;
				CLANG_ANALYZER_NONNULL = YES;
				CLANG_ANALYZER_NUMBER_OBJECT_CONVERSION = YES_AGGRESSIVE;
				CLANG_CXX_LANGUAGE_STANDARD = "gnu++20";
				CLANG_ENABLE_MODULES = YES;
				CLANG_ENABLE_OBJC_ARC = YES;
				CLANG_ENABLE_OBJC_WEAK = YES;
				CLANG_WARN_BLOCK_CAPTURE_AUTORELEASING = YES;
				CLANG_WARN_BOOL_CONVERSION = YES;
				CLANG_WARN_COMMA = YES;
				CLANG_WARN_CONSTANT_CONVERSION = YES;
				CLANG_WARN_DEPRECATED_OBJC_IMPLEMENTATIONS = YES;
				CLANG_WARN_DIRECT_OBJC_ISA_USAGE = YES_ERROR;
				CLANG_WARN_DOCUMENTATION_COMMENTS = YES;
				CLANG_WARN_EMPTY_BODY = YES;
				CLANG_WARN_ENUM_CONVERSION = YES;
				CLANG_WARN_INFINITE_RECURSION = YES;
				CLANG_WARN_INT_CONVERSION = YES;
				CLANG_WARN_NON_LITERAL_NULL_CONVERSION = YES;
				CLANG_WARN_OBJC_IMPLICIT_RETAIN_SELF = YES;
				CLANG_WARN_OBJC_LITERAL_CONVERSION = YES;
				CLANG_WARN_OBJC_ROOT_CLASS = YES_ERROR;
				CLANG_WARN_QUOTED_INCLUDE_IN_FRAMEWORK_HEADER = YES;
				CLANG_WARN_RANGE_LOOP_ANALYSIS = YES;
				CLANG_WARN_STRICT_PROTOTYPES = YES;
				CLANG_WARN_SUSPICIOUS_MOVE = YES;
				CLANG_WARN_UNGUARDED_AVAILABILITY = YES_AGGRESSIVE;
				CLANG_WARN_UNREACHABLE_CODE = YES;
				CLANG_WARN__DUPLICATE_METHOD_MATCH = YES;
				COPY_PHASE_STRIP = NO;
				DEBUG_INFORMATION_FORMAT = dwarf;
				ENABLE_STRICT_OBJC_MSGSEND = YES;
				ENABLE_TESTABILITY = YES;
				ENABLE_USER_SCRIPT_SANDBOXING = YES;
				GCC_C_LANGUAGE_STANDARD = gnu17;
				GCC_DYNAMIC_NO_PIC = NO;
				GCC_NO_COMMON_BLOCKS = YES;
				GCC_OPTIMIZATION_LEVEL = 0;
				GCC_PREPROCESSOR_DEFINITIONS = (
					"DEBUG=1",
					"$(inherited)",
				);
				GCC_WARN_64_TO_32_BIT_CONVERSION = YES;
				GCC_WARN_ABOUT_RETURN_TYPE = YES_ERROR;
				GCC_WARN_UNDECLARED_SELECTOR = YES;
				GCC_WARN_UNINITIALIZED_AUTOS = YES_AGGRESSIVE;
				GCC_WARN_UNUSED_FUNCTION = YES;
				GCC_WARN_UNUSED_VARIABLE = YES;
				IPHONEOS_DEPLOYMENT_TARGET = 18.1;
				LOCALIZATION_PREFERS_STRING_CATALOGS = YES;
				MTL_ENABLE_DEBUG_INFO = INCLUDE_SOURCE;
				MTL_FAST_MATH = YES;
				ONLY_ACTIVE_ARCH = YES;
				SDKROOT = iphoneos;
				SWIFT_ACTIVE_COMPILATION_CONDITIONS = "DEBUG $(inherited)";
				SWIFT_OPTIMIZATION_LEVEL = "-Onone";
			};
			name = Debug;
		};
		379E51572D0B8EAF007DC604 /* Release */ = {
			isa = XCBuildConfiguration;
			buildSettings = {
				ALWAYS_SEARCH_USER_PATHS = NO;
				ASSETCATALOG_COMPILER_GENERATE_SWIFT_ASSET_SYMBOL_EXTENSIONS = YES;
				CLANG_ANALYZER_NONNULL = YES;
				CLANG_ANALYZER_NUMBER_OBJECT_CONVERSION = YES_AGGRESSIVE;
				CLANG_CXX_LANGUAGE_STANDARD = "gnu++20";
				CLANG_ENABLE_MODULES = YES;
				CLANG_ENABLE_OBJC_ARC = YES;
				CLANG_ENABLE_OBJC_WEAK = YES;
				CLANG_WARN_BLOCK_CAPTURE_AUTORELEASING = YES;
				CLANG_WARN_BOOL_CONVERSION = YES;
				CLANG_WARN_COMMA = YES;
				CLANG_WARN_CONSTANT_CONVERSION = YES;
				CLANG_WARN_DEPRECATED_OBJC_IMPLEMENTATIONS = YES;
				CLANG_WARN_DIRECT_OBJC_ISA_USAGE = YES_ERROR;
				CLANG_WARN_DOCUMENTATION_COMMENTS = YES;
				CLANG_WARN_EMPTY_BODY = YES;
				CLANG_WARN_ENUM_CONVERSION = YES;
				CLANG_WARN_INFINITE_RECURSION = YES;
				CLANG_WARN_INT_CONVERSION = YES;
				CLANG_WARN_NON_LITERAL_NULL_CONVERSION = YES;
				CLANG_WARN_OBJC_IMPLICIT_RETAIN_SELF = YES;
				CLANG_WARN_OBJC_LITERAL_CONVERSION = YES;
				CLANG_WARN_OBJC_ROOT_CLASS = YES_ERROR;
				CLANG_WARN_QUOTED_INCLUDE_IN_FRAMEWORK_HEADER = YES;
				CLANG_WARN_RANGE_LOOP_ANALYSIS = YES;
				CLANG_WARN_STRICT_PROTOTYPES = YES;
				CLANG_WARN_SUSPICIOUS_MOVE = YES;
				CLANG_WARN_UNGUARDED_AVAILABILITY = YES_AGGRESSIVE;
				CLANG_WARN_UNREACHABLE_CODE = YES;
				CLANG_WARN__DUPLICATE_METHOD_MATCH = YES;
				COPY_PHASE_STRIP = NO;
				DEBUG_INFORMATION_FORMAT = "dwarf-with-dsym";
				ENABLE_NS_ASSERTIONS = NO;
				ENABLE_STRICT_OBJC_MSGSEND = YES;
				ENABLE_USER_SCRIPT_SANDBOXING = YES;
				GCC_C_LANGUAGE_STANDARD = gnu17;
				GCC_NO_COMMON_BLOCKS = YES;
				GCC_WARN_64_TO_32_BIT_CONVERSION = YES;
				GCC_WARN_ABOUT_RETURN_TYPE = YES_ERROR;
				GCC_WARN_UNDECLARED_SELECTOR = YES;
				GCC_WARN_UNINITIALIZED_AUTOS = YES_AGGRESSIVE;
				GCC_WARN_UNUSED_FUNCTION = YES;
				GCC_WARN_UNUSED_VARIABLE = YES;
				IPHONEOS_DEPLOYMENT_TARGET = 18.1;
				LOCALIZATION_PREFERS_STRING_CATALOGS = YES;
				MTL_ENABLE_DEBUG_INFO = NO;
				MTL_FAST_MATH = YES;
				SDKROOT = iphoneos;
				SWIFT_COMPILATION_MODE = wholemodule;
				VALIDATE_PRODUCT = YES;
			};
			name = Release;
		};
		379E51592D0B8EAF007DC604 /* Debug */ = {
			isa = XCBuildConfiguration;
			buildSettings = {
				ASSETCATALOG_COMPILER_APPICON_NAME = AppIcon;
				ASSETCATALOG_COMPILER_GLOBAL_ACCENT_COLOR_NAME = AccentColor;
				CODE_SIGN_ENTITLEMENTS = pcanvas/pcanvas.entitlements;
				CODE_SIGN_STYLE = Automatic;
				CURRENT_PROJECT_VERSION = 1;
				DEVELOPMENT_ASSET_PATHS = "\"pcanvas/Preview Content\"";
				DEVELOPMENT_TEAM = WHM9VYM67A;
				ENABLE_PREVIEWS = YES;
				GENERATE_INFOPLIST_FILE = YES;
				INFOPLIST_KEY_UIApplicationSceneManifest_Generation = YES;
				INFOPLIST_KEY_UIApplicationSupportsIndirectInputEvents = YES;
				INFOPLIST_KEY_UILaunchScreen_Generation = YES;
				INFOPLIST_KEY_UISupportedInterfaceOrientations_iPad = "UIInterfaceOrientationPortrait UIInterfaceOrientationPortraitUpsideDown UIInterfaceOrientationLandscapeLeft UIInterfaceOrientationLandscapeRight";
				INFOPLIST_KEY_UISupportedInterfaceOrientations_iPhone = "UIInterfaceOrientationPortrait UIInterfaceOrientationLandscapeLeft UIInterfaceOrientationLandscapeRight";
				LD_RUNPATH_SEARCH_PATHS = (
					"$(inherited)",
					"@executable_path/Frameworks",
				);
				MARKETING_VERSION = 1.0;
				PRODUCT_BUNDLE_IDENTIFIER = jl115.pcanvas;
				PRODUCT_NAME = "$(TARGET_NAME)";
				REGISTER_APP_GROUPS = NO;
				SUPPORTED_PLATFORMS = "iphoneos iphonesimulator";
				SUPPORTS_MACCATALYST = NO;
				SWIFT_EMIT_LOC_STRINGS = YES;
				SWIFT_VERSION = 5.0;
				TARGETED_DEVICE_FAMILY = 2;
			};
			name = Debug;
		};
		379E515A2D0B8EAF007DC604 /* Release */ = {
			isa = XCBuildConfiguration;
			buildSettings = {
				ASSETCATALOG_COMPILER_APPICON_NAME = AppIcon;
				ASSETCATALOG_COMPILER_GLOBAL_ACCENT_COLOR_NAME = AccentColor;
				CODE_SIGN_ENTITLEMENTS = pcanvas/pcanvas.entitlements;
				CODE_SIGN_STYLE = Automatic;
				CURRENT_PROJECT_VERSION = 1;
				DEVELOPMENT_ASSET_PATHS = "\"pcanvas/Preview Content\"";
				DEVELOPMENT_TEAM = WHM9VYM67A;
				ENABLE_PREVIEWS = YES;
				GENERATE_INFOPLIST_FILE = YES;
				INFOPLIST_KEY_UIApplicationSceneManifest_Generation = YES;
				INFOPLIST_KEY_UIApplicationSupportsIndirectInputEvents = YES;
				INFOPLIST_KEY_UILaunchScreen_Generation = YES;
				INFOPLIST_KEY_UISupportedInterfaceOrientations_iPad = "UIInterfaceOrientationPortrait UIInterfaceOrientationPortraitUpsideDown UIInterfaceOrientationLandscapeLeft UIInterfaceOrientationLandscapeRight";
				INFOPLIST_KEY_UISupportedInterfaceOrientations_iPhone = "UIInterfaceOrientationPortrait UIInterfaceOrientationLandscapeLeft UIInterfaceOrientationLandscapeRight";
				LD_RUNPATH_SEARCH_PATHS = (
					"$(inherited)",
					"@executable_path/Frameworks",
				);
				MARKETING_VERSION = 1.0;
				PRODUCT_BUNDLE_IDENTIFIER = jl115.pcanvas;
				PRODUCT_NAME = "$(TARGET_NAME)";
				REGISTER_APP_GROUPS = NO;
				SUPPORTED_PLATFORMS = "iphoneos iphonesimulator";
				SUPPORTS_MACCATALYST = NO;
				SWIFT_EMIT_LOC_STRINGS = YES;
				SWIFT_VERSION = 5.0;
				TARGETED_DEVICE_FAMILY = 2;
			};
			name = Release;
		};
		379E515C2D0B8EAF007DC604 /* Debug */ = {
			isa = XCBuildConfiguration;
			buildSettings = {
				BUNDLE_LOADER = "$(TEST_HOST)";
				CODE_SIGN_STYLE = Automatic;
				CURRENT_PROJECT_VERSION = 1;
				DEVELOPMENT_TEAM = WHM9VYM67A;
				GENERATE_INFOPLIST_FILE = YES;
				IPHONEOS_DEPLOYMENT_TARGET = 18.1;
				MARKETING_VERSION = 1.0;
				PRODUCT_BUNDLE_IDENTIFIER = jl115.pcanvasTests;
				PRODUCT_NAME = "$(TARGET_NAME)";
				SWIFT_EMIT_LOC_STRINGS = NO;
				SWIFT_VERSION = 5.0;
				TARGETED_DEVICE_FAMILY = "1,2";
				TEST_HOST = "$(BUILT_PRODUCTS_DIR)/pcanvas.app/$(BUNDLE_EXECUTABLE_FOLDER_PATH)/pcanvas";
			};
			name = Debug;
		};
		379E515D2D0B8EAF007DC604 /* Release */ = {
			isa = XCBuildConfiguration;
			buildSettings = {
				BUNDLE_LOADER = "$(TEST_HOST)";
				CODE_SIGN_STYLE = Automatic;
				CURRENT_PROJECT_VERSION = 1;
				DEVELOPMENT_TEAM = WHM9VYM67A;
				GENERATE_INFOPLIST_FILE = YES;
				IPHONEOS_DEPLOYMENT_TARGET = 18.1;
				MARKETING_VERSION = 1.0;
				PRODUCT_BUNDLE_IDENTIFIER = jl115.pcanvasTests;
				PRODUCT_NAME = "$(TARGET_NAME)";
				SWIFT_EMIT_LOC_STRINGS = NO;
				SWIFT_VERSION = 5.0;
				TARGETED_DEVICE_FAMILY = "1,2";
				TEST_HOST = "$(BUILT_PRODUCTS_DIR)/pcanvas.app/$(BUNDLE_EXECUTABLE_FOLDER_PATH)/pcanvas";
			};
			name = Release;
		};
		379E515F2D0B8EAF007DC604 /* Debug */ = {
			isa = XCBuildConfiguration;
			buildSettings = {
				CODE_SIGN_STYLE = Automatic;
				CURRENT_PROJECT_VERSION = 1;
				DEVELOPMENT_TEAM = WHM9VYM67A;
				GENERATE_INFOPLIST_FILE = YES;
				MARKETING_VERSION = 1.0;
				PRODUCT_BUNDLE_IDENTIFIER = jl115.pcanvasUITests;
				PRODUCT_NAME = "$(TARGET_NAME)";
				SWIFT_EMIT_LOC_STRINGS = NO;
				SWIFT_VERSION = 5.0;
				TARGETED_DEVICE_FAMILY = "1,2";
				TEST_TARGET_NAME = pcanvas;
			};
			name = Debug;
		};
		379E51602D0B8EAF007DC604 /* Release */ = {
			isa = XCBuildConfiguration;
			buildSettings = {
				CODE_SIGN_STYLE = Automatic;
				CURRENT_PROJECT_VERSION = 1;
				DEVELOPMENT_TEAM = WHM9VYM67A;
				GENERATE_INFOPLIST_FILE = YES;
				MARKETING_VERSION = 1.0;
				PRODUCT_BUNDLE_IDENTIFIER = jl115.pcanvasUITests;
				PRODUCT_NAME = "$(TARGET_NAME)";
				SWIFT_EMIT_LOC_STRINGS = NO;
				SWIFT_VERSION = 5.0;
				TARGETED_DEVICE_FAMILY = "1,2";
				TEST_TARGET_NAME = pcanvas;
			};
			name = Release;
		};
/* End XCBuildConfiguration section */

/* Begin XCConfigurationList section */
		379E512D2D0B8EAC007DC604 /* Build configuration list for PBXProject "pcanvas" */ = {
			isa = XCConfigurationList;
			buildConfigurations = (
				379E51562D0B8EAF007DC604 /* Debug */,
				379E51572D0B8EAF007DC604 /* Release */,
			);
			defaultConfigurationIsVisible = 0;
			defaultConfigurationName = Release;
		};
		379E51582D0B8EAF007DC604 /* Build configuration list for PBXNativeTarget "pcanvas" */ = {
			isa = XCConfigurationList;
			buildConfigurations = (
				379E51592D0B8EAF007DC604 /* Debug */,
				379E515A2D0B8EAF007DC604 /* Release */,
			);
			defaultConfigurationIsVisible = 0;
			defaultConfigurationName = Release;
		};
		379E515B2D0B8EAF007DC604 /* Build configuration list for PBXNativeTarget "pcanvasTests" */ = {
			isa = XCConfigurationList;
			buildConfigurations = (
				379E515C2D0B8EAF007DC604 /* Debug */,
				379E515D2D0B8EAF007DC604 /* Release */,
			);
			defaultConfigurationIsVisible = 0;
			defaultConfigurationName = Release;
		};
		379E515E2D0B8EAF007DC604 /* Build configuration list for PBXNativeTarget "pcanvasUITests" */ = {
			isa = XCConfigurationList;
			buildConfigurations = (
				379E515F2D0B8EAF007DC604 /* Debug */,
				379E51602D0B8EAF007DC604 /* Release */,
			);
			defaultConfigurationIsVisible = 0;
			defaultConfigurationName = Release;
		};
/* End XCConfigurationList section */
	};
	rootObject = 379E512A2D0B8EAC007DC604 /* Project object */;
}
